{
	"name": "spaced",
	"version": "1.0.0",
	"lockfileVersion": 3,
	"requires": true,
	"packages": {
		"": {
			"name": "spaced",
			"version": "1.0.0",
			"license": "ISC",
			"dependencies": {
				"@rbxts/pretty-roact-hooks": "^2.0.1",
				"@rbxts/roact": "^1.4.4-ts.0",
				"@rbxts/roact-hooked": "^2.4.0",
				"@rbxts/services": "^1.5.1",
				"@rbxts/signal": "^1.1.1",
				"@rbxts/t": "^3.1.0"
			},
			"devDependencies": {
				"@rbxts/compiler-types": "^2.3.0-types.0",
				"@rbxts/types": "^1.0.684",
				"typescript": "^5.0.4"
			}
		},
		"node_modules/@rbxts/compiler-types": {
			"version": "2.3.0-types.0",
			"resolved": "https://registry.npmjs.org/@rbxts/compiler-types/-/compiler-types-2.3.0-types.0.tgz",
			"integrity": "sha512-2kllUXLlK22OzSi3GmLT+/O70U9oB2iXp4rGFk5FLwc1pqf4W9EsInuJ0t7poLE2XnqnpW/ojff9CUNivI2+lw==",
			"dev": true
		},
		"node_modules/@rbxts/flipper": {
			"version": "2.0.1",
			"resolved": "https://registry.npmjs.org/@rbxts/flipper/-/flipper-2.0.1.tgz",
			"integrity": "sha512-kxb5AZizP05XSmo3waS/QkcfNMD5b6HX4gGwyHOyBow260R5MIT4L/ZUPLvleXXyb9b67X4NVmHoac1tPXOLNA==",
			"peer": true
		},
		"node_modules/@rbxts/pretty-roact-hooks": {
			"version": "2.3.0",
			"resolved": "https://registry.npmjs.org/@rbxts/pretty-roact-hooks/-/pretty-roact-hooks-2.3.0.tgz",
			"integrity": "sha512-Is0YxBZQ4X0PmVUfR9ugX/EXAKGHBWqN69AMR4bRn7ro0Rz9ULKJ0hiiKiSjATr1tTg38A7oslHIn28uFcZ91w==",
			"dependencies": {
				"@rbxts/services": "^1.5.1",
				"@rbxts/set-timeout": "^1.1.2"
			},
			"peerDependencies": {
				"@rbxts/flipper": "^2.0.1",
				"@rbxts/roact": "1.4.4-ts.0",
				"@rbxts/roact-hooked": "^2.3.3"
			}
		},
		"node_modules/@rbxts/roact": {
			"version": "1.4.4-ts.0",
			"resolved": "https://registry.npmjs.org/@rbxts/roact/-/roact-1.4.4-ts.0.tgz",
			"integrity": "sha512-gn9mBoGG/Clzgv2kyOvLNVd9dh5t6z+jukC3ITv2HnfPqvf/sMbz/VMaBoiB7t5umuiIe0LjW0ctZrkrS+uTOA=="
		},
		"node_modules/@rbxts/roact-hooked": {
			"version": "2.6.2",
			"resolved": "https://registry.npmjs.org/@rbxts/roact-hooked/-/roact-hooked-2.6.2.tgz",
			"integrity": "sha512-2J/wxYOuzs7rCq5i7B+AoCSwdeQHc0jnr/HuD3wz92NVK5h2zjeEC/91Auee438/QXJKDbBGmB9cZV/p1ZVvmg==",
			"peerDependencies": {
				"@rbxts/roact": "*"
			}
		},
		"node_modules/@rbxts/services": {
			"version": "1.5.4",
			"resolved": "https://registry.npmjs.org/@rbxts/services/-/services-1.5.4.tgz",
			"integrity": "sha512-Klh+gRIT8zy3xRTX1YD6FZ9nAMzkzPLTHmciigt59PEF7PJXo31CF0IU0RegQ7VSMrz1iOnXwxbIwy3htcMfOA=="
		},
		"node_modules/@rbxts/set-timeout": {
			"version": "1.1.2",
			"resolved": "https://registry.npmjs.org/@rbxts/set-timeout/-/set-timeout-1.1.2.tgz",
			"integrity": "sha512-P/A0IiH9wuZdSJYr4Us0MDFm61nvIFR0acfKFHLkcOsgvIgELC90Up9ugiSsaMEHRIcIcO5UjE39LuS3xTzQHw==",
			"dependencies": {
				"@rbxts/services": "^1.5.1"
			}
		},
		"node_modules/@rbxts/signal": {
			"version": "1.1.1",
			"resolved": "https://registry.npmjs.org/@rbxts/signal/-/signal-1.1.1.tgz",
			"integrity": "sha512-WX+ONE+ld4pG9PvRkR8OgDld9NpaV1RfXyUIw+Q2oXP/5rehkYzvt20NWtrLAP3NhMc5inYInLd+hnufey6nFw=="
		},
		"node_modules/@rbxts/t": {
			"version": "3.1.1",
			"resolved": "https://registry.npmjs.org/@rbxts/t/-/t-3.1.1.tgz",
			"integrity": "sha512-r+IvHHGLt9ZM8+cJAs5Q7ZyGaSlsbkXTaeat85FxRmjjozykHLbQ24rY/5utJbp63a5uCy3Wyl1fGv/Gk/GnIw=="
		},
		"node_modules/@rbxts/types": {
			"version": "1.0.758",
			"resolved": "https://registry.npmjs.org/@rbxts/types/-/types-1.0.758.tgz",
			"integrity": "sha512-r1IC/24TJjmZNR0IOt9u3wC7S1595MF3nNeMRkNn5ma9Ow9+Fggwrq5/rRY4rwQPPoyC3gDUfZ4EBlH9zn7UuQ==",
			"dev": true
		},
		"node_modules/typescript": {
			"version": "5.3.3",
			"resolved": "https://registry.npmjs.org/typescript/-/typescript-5.3.3.tgz",
			"integrity": "sha512-pXWcraxM0uxAS+tN0AG/BF2TyqmHO014Z070UsJ+pFvYuRSq8KH8DmWpnbXe0pEPDHXZV3FcAbJkijJ5oNEnWw==",
			"dev": true,
			"bin": {
				"tsc": "bin/tsc",
				"tsserver": "bin/tsserver"
			},
			"engines": {
				"node": ">=14.17"
			}
		}
	}
}
